
Microsoft Visual Studio Solution File, Format Version 12.00
# Visual Studio Version 16
VisualStudioVersion = 16.0.32510.428
MinimumVisualStudioVersion = 10.0.40219.1
Project("{8BC9CEB8-8B4A-11D0-8D11-00A0C91BC942}") = "Basic", "Basic.vcxproj", "{36685A8E-0579-4278-A997-0A1A0F05A9A3}"
EndProject
Global
	GlobalSection(SolutionConfigurationPlatforms) = preSolution
		Debug|x64 = Debug|x64
		Debug|x86 = Debug|x86
		Release|x64 = Release|x64
		Release|x86 = Release|x86
	EndGlobalSection
	GlobalSection(ProjectConfigurationPlatforms) = postSolution
		{36685A8E-0579-4278-A997-0A1A0F05A9A3}.Debug|x64.ActiveCfg = Debug|x64
		{36685A8E-0579-4278-A997-0A1A0F05A9A3}.Debug|x64.Build.0 = Debug|x64
		{36685A8E-0579-4278-A997-0A1A0F05A9A3}.Debug|x86.ActiveCfg = Debug|Win32
		{36685A8E-0579-4278-A997-0A1A0F05A9A3}.Debug|x86.Build.0 = Debug|Win32
		{36685A8E-0579-4278-A997-0A1A0F05A9A3}.Release|x64.ActiveCfg = Release|x64
		{36685A8E-0579-4278-A997-0A1A0F05A9A3}.Release|x64.Build.0 = Release|x64
		{36685A8E-0579-4278-A997-0A1A0F05A9A3}.Release|x86.ActiveCfg = Release|Win32
		{36685A8E-0579-4278-A997-0A1A0F05A9A3}.Release|x86.Build.0 = Release|Win32
	EndGlobalSection
	GlobalSection(SolutionProperties) = preSolution
		HideSolutionNode = FALSE
	EndGlobalSection
	GlobalSection(ExtensibilityGlobals) = postSolution
		SolutionGuid = {53EB859D-74D7-4DCE-846A-047D12C8E02D}
	EndGlobalSection
EndGlobal
